<?xml version="1.0" encoding="UTF-8"?>
<Project ToolsVersion="15.0" xmlns="http://schemas.microsoft.com/developer/msbuild/2003">
  <ItemGroup>
    <ClCompile Include="C:\Libraries\3rdPartyLibs\libpng-1.6.34_64\contrib\libtests\pngstest.c">
      <Filter>Source Files</Filter>
    </ClCompile>
  </ItemGroup>
  <ItemGroup>
    <CustomBuild Include="C:\Libraries\3rdPartyLibs\libpng-1.6.34_64\CMakeLists.txt" />
  </ItemGroup>
  <ItemGroup>
    <Filter Include="Source Files">
      <UniqueIdentifier>{5D2D66B5-31FB-3005-954B-B22CFCA1BC1E}</UniqueIdentifier>
    </Filter>
  </ItemGroup>
</Project>
