Microsoft Visual Studio Solution File, Format Version 12.00
# Visual Studio 16
Project("{8BC9CEB8-8B4A-11D0-8D11-00A0C91BC942}") = "ALL_BUILD", "ALL_BUILD.vcxproj", "{2BA19A50-6F7E-3F02-AB87-3CCA59345FAA}"
	ProjectSection(ProjectDependencies) = postProject
		{7D6F91AB-0541-3399-B6FC-30CCA0C6F6C2} = {7D6F91AB-0541-3399-B6FC-30CCA0C6F6C2}
		{2D6647FD-FCAD-3C63-8E08-BC05E3F44881} = {2D6647FD-FCAD-3C63-8E08-BC05E3F44881}
		{70AD1852-669A-343E-9467-07EC4D67DB61} = {70AD1852-669A-343E-9467-07EC4D67DB61}
		{69D8C2FC-6682-3BBF-9283-A8784E9BE253} = {69D8C2FC-6682-3BBF-9283-A8784E9BE253}
		{341AE79A-265C-3B62-AA12-3AD935057F4D} = {341AE79A-265C-3B62-AA12-3AD935057F4D}
		{CE99F5EE-ED51-32E3-96E9-34F7892C8CE3} = {CE99F5EE-ED51-32E3-96E9-34F7892C8CE3}
		{33CEC2EE-7956-369D-B950-615FB2166CBF} = {33CEC2EE-7956-369D-B950-615FB2166CBF}
		{B9731B2C-9FD1-354F-B071-31F8A311045C} = {B9731B2C-9FD1-354F-B071-31F8A311045C}
		{008F95BD-F290-3422-9343-FACDA348DBDA} = {008F95BD-F290-3422-9343-FACDA348DBDA}
		{BBF99B3A-3E1F-3023-89C1-8D0BFC76B64D} = {BBF99B3A-3E1F-3023-89C1-8D0BFC76B64D}
		{58897392-8C8D-302B-A9F4-17C12B96C5A0} = {58897392-8C8D-302B-A9F4-17C12B96C5A0}
		{4E931A1B-CF74-300E-A941-17A6FE08EB8D} = {4E931A1B-CF74-300E-A941-17A6FE08EB8D}
		{B01DB8B8-3A3A-38BA-AE4D-08996F4DE3C8} = {B01DB8B8-3A3A-38BA-AE4D-08996F4DE3C8}
		{10FC9F64-C2C3-3812-A917-3AFC087BE254} = {10FC9F64-C2C3-3812-A917-3AFC087BE254}
		{54E298AA-A505-3434-90E4-07A3A89B9956} = {54E298AA-A505-3434-90E4-07A3A89B9956}
		{66741E68-0DE7-3098-AC46-26815C7E2F6A} = {66741E68-0DE7-3098-AC46-26815C7E2F6A}
		{429F3344-7159-3F1C-A2E5-3722AE6B99C2} = {429F3344-7159-3F1C-A2E5-3722AE6B99C2}
	EndProjectSection
EndProject
Project("{8BC9CEB8-8B4A-11D0-8D11-00A0C91BC942}") = "INSTALL", "INSTALL.vcxproj", "{6D6BE999-127C-3B8C-922D-D1AFCF8A82DF}"
	ProjectSection(ProjectDependencies) = postProject
		{2BA19A50-6F7E-3F02-AB87-3CCA59345FAA} = {2BA19A50-6F7E-3F02-AB87-3CCA59345FAA}
		{7D6F91AB-0541-3399-B6FC-30CCA0C6F6C2} = {7D6F91AB-0541-3399-B6FC-30CCA0C6F6C2}
	EndProjectSection
EndProject
Project("{8BC9CEB8-8B4A-11D0-8D11-00A0C91BC942}") = "RUN_TESTS", "RUN_TESTS.vcxproj", "{4A3E13E9-639E-3FAF-A178-88EC40DE6203}"
	ProjectSection(ProjectDependencies) = postProject
		{7D6F91AB-0541-3399-B6FC-30CCA0C6F6C2} = {7D6F91AB-0541-3399-B6FC-30CCA0C6F6C2}
	EndProjectSection
EndProject
Project("{8BC9CEB8-8B4A-11D0-8D11-00A0C91BC942}") = "ZERO_CHECK", "ZERO_CHECK.vcxproj", "{7D6F91AB-0541-3399-B6FC-30CCA0C6F6C2}"
	ProjectSection(ProjectDependencies) = postProject
	EndProjectSection
EndProject
Project("{8BC9CEB8-8B4A-11D0-8D11-00A0C91BC942}") = "binproj", "src\binproj.vcxproj", "{2D6647FD-FCAD-3C63-8E08-BC05E3F44881}"
	ProjectSection(ProjectDependencies) = postProject
		{7D6F91AB-0541-3399-B6FC-30CCA0C6F6C2} = {7D6F91AB-0541-3399-B6FC-30CCA0C6F6C2}
		{4E931A1B-CF74-300E-A941-17A6FE08EB8D} = {4E931A1B-CF74-300E-A941-17A6FE08EB8D}
	EndProjectSection
EndProject
Project("{8BC9CEB8-8B4A-11D0-8D11-00A0C91BC942}") = "binprojinfo", "src\binprojinfo.vcxproj", "{70AD1852-669A-343E-9467-07EC4D67DB61}"
	ProjectSection(ProjectDependencies) = postProject
		{7D6F91AB-0541-3399-B6FC-30CCA0C6F6C2} = {7D6F91AB-0541-3399-B6FC-30CCA0C6F6C2}
		{4E931A1B-CF74-300E-A941-17A6FE08EB8D} = {4E931A1B-CF74-300E-A941-17A6FE08EB8D}
	EndProjectSection
EndProject
Project("{8BC9CEB8-8B4A-11D0-8D11-00A0C91BC942}") = "cct", "src\cct.vcxproj", "{69D8C2FC-6682-3BBF-9283-A8784E9BE253}"
	ProjectSection(ProjectDependencies) = postProject
		{7D6F91AB-0541-3399-B6FC-30CCA0C6F6C2} = {7D6F91AB-0541-3399-B6FC-30CCA0C6F6C2}
		{4E931A1B-CF74-300E-A941-17A6FE08EB8D} = {4E931A1B-CF74-300E-A941-17A6FE08EB8D}
	EndProjectSection
EndProject
Project("{8BC9CEB8-8B4A-11D0-8D11-00A0C91BC942}") = "cs2cs", "src\cs2cs.vcxproj", "{341AE79A-265C-3B62-AA12-3AD935057F4D}"
	ProjectSection(ProjectDependencies) = postProject
		{7D6F91AB-0541-3399-B6FC-30CCA0C6F6C2} = {7D6F91AB-0541-3399-B6FC-30CCA0C6F6C2}
		{4E931A1B-CF74-300E-A941-17A6FE08EB8D} = {4E931A1B-CF74-300E-A941-17A6FE08EB8D}
	EndProjectSection
EndProject
Project("{8BC9CEB8-8B4A-11D0-8D11-00A0C91BC942}") = "generate_all_sql_in", "data\generate_all_sql_in.vcxproj", "{CE99F5EE-ED51-32E3-96E9-34F7892C8CE3}"
	ProjectSection(ProjectDependencies) = postProject
		{7D6F91AB-0541-3399-B6FC-30CCA0C6F6C2} = {7D6F91AB-0541-3399-B6FC-30CCA0C6F6C2}
	EndProjectSection
EndProject
Project("{8BC9CEB8-8B4A-11D0-8D11-00A0C91BC942}") = "generate_proj_db", "data\generate_proj_db.vcxproj", "{33CEC2EE-7956-369D-B950-615FB2166CBF}"
	ProjectSection(ProjectDependencies) = postProject
		{7D6F91AB-0541-3399-B6FC-30CCA0C6F6C2} = {7D6F91AB-0541-3399-B6FC-30CCA0C6F6C2}
		{CE99F5EE-ED51-32E3-96E9-34F7892C8CE3} = {CE99F5EE-ED51-32E3-96E9-34F7892C8CE3}
	EndProjectSection
EndProject
Project("{8BC9CEB8-8B4A-11D0-8D11-00A0C91BC942}") = "geod", "src\geod.vcxproj", "{B9731B2C-9FD1-354F-B071-31F8A311045C}"
	ProjectSection(ProjectDependencies) = postProject
		{7D6F91AB-0541-3399-B6FC-30CCA0C6F6C2} = {7D6F91AB-0541-3399-B6FC-30CCA0C6F6C2}
		{4E931A1B-CF74-300E-A941-17A6FE08EB8D} = {4E931A1B-CF74-300E-A941-17A6FE08EB8D}
	EndProjectSection
EndProject
Project("{8BC9CEB8-8B4A-11D0-8D11-00A0C91BC942}") = "geodtest", "src\geodtest.vcxproj", "{008F95BD-F290-3422-9343-FACDA348DBDA}"
	ProjectSection(ProjectDependencies) = postProject
		{7D6F91AB-0541-3399-B6FC-30CCA0C6F6C2} = {7D6F91AB-0541-3399-B6FC-30CCA0C6F6C2}
		{4E931A1B-CF74-300E-A941-17A6FE08EB8D} = {4E931A1B-CF74-300E-A941-17A6FE08EB8D}
	EndProjectSection
EndProject
Project("{8BC9CEB8-8B4A-11D0-8D11-00A0C91BC942}") = "gie", "src\gie.vcxproj", "{BBF99B3A-3E1F-3023-89C1-8D0BFC76B64D}"
	ProjectSection(ProjectDependencies) = postProject
		{7D6F91AB-0541-3399-B6FC-30CCA0C6F6C2} = {7D6F91AB-0541-3399-B6FC-30CCA0C6F6C2}
		{4E931A1B-CF74-300E-A941-17A6FE08EB8D} = {4E931A1B-CF74-300E-A941-17A6FE08EB8D}
	EndProjectSection
EndProject
Project("{8BC9CEB8-8B4A-11D0-8D11-00A0C91BC942}") = "gie_self_tests", "test\unit\gie_self_tests.vcxproj", "{58897392-8C8D-302B-A9F4-17C12B96C5A0}"
	ProjectSection(ProjectDependencies) = postProject
		{7D6F91AB-0541-3399-B6FC-30CCA0C6F6C2} = {7D6F91AB-0541-3399-B6FC-30CCA0C6F6C2}
		{1E9F1655-3A55-388D-8A97-B024020D0326} = {1E9F1655-3A55-388D-8A97-B024020D0326}
		{4E931A1B-CF74-300E-A941-17A6FE08EB8D} = {4E931A1B-CF74-300E-A941-17A6FE08EB8D}
	EndProjectSection
EndProject
Project("{8BC9CEB8-8B4A-11D0-8D11-00A0C91BC942}") = "gtest", "googletest-build\googlemock\gtest\gtest.vcxproj", "{1E9F1655-3A55-388D-8A97-B024020D0326}"
	ProjectSection(ProjectDependencies) = postProject
		{7D6F91AB-0541-3399-B6FC-30CCA0C6F6C2} = {7D6F91AB-0541-3399-B6FC-30CCA0C6F6C2}
	EndProjectSection
EndProject
Project("{8BC9CEB8-8B4A-11D0-8D11-00A0C91BC942}") = "proj", "src\proj.vcxproj", "{4E931A1B-CF74-300E-A941-17A6FE08EB8D}"
	ProjectSection(ProjectDependencies) = postProject
		{7D6F91AB-0541-3399-B6FC-30CCA0C6F6C2} = {7D6F91AB-0541-3399-B6FC-30CCA0C6F6C2}
	EndProjectSection
EndProject
Project("{8BC9CEB8-8B4A-11D0-8D11-00A0C91BC942}") = "proj_angular_io_test", "test\unit\proj_angular_io_test.vcxproj", "{B01DB8B8-3A3A-38BA-AE4D-08996F4DE3C8}"
	ProjectSection(ProjectDependencies) = postProject
		{7D6F91AB-0541-3399-B6FC-30CCA0C6F6C2} = {7D6F91AB-0541-3399-B6FC-30CCA0C6F6C2}
		{1E9F1655-3A55-388D-8A97-B024020D0326} = {1E9F1655-3A55-388D-8A97-B024020D0326}
		{4E931A1B-CF74-300E-A941-17A6FE08EB8D} = {4E931A1B-CF74-300E-A941-17A6FE08EB8D}
	EndProjectSection
EndProject
Project("{8BC9CEB8-8B4A-11D0-8D11-00A0C91BC942}") = "proj_context_test", "test\unit\proj_context_test.vcxproj", "{10FC9F64-C2C3-3812-A917-3AFC087BE254}"
	ProjectSection(ProjectDependencies) = postProject
		{7D6F91AB-0541-3399-B6FC-30CCA0C6F6C2} = {7D6F91AB-0541-3399-B6FC-30CCA0C6F6C2}
		{1E9F1655-3A55-388D-8A97-B024020D0326} = {1E9F1655-3A55-388D-8A97-B024020D0326}
		{4E931A1B-CF74-300E-A941-17A6FE08EB8D} = {4E931A1B-CF74-300E-A941-17A6FE08EB8D}
	EndProjectSection
EndProject
Project("{8BC9CEB8-8B4A-11D0-8D11-00A0C91BC942}") = "proj_errno_string_test", "test\unit\proj_errno_string_test.vcxproj", "{54E298AA-A505-3434-90E4-07A3A89B9956}"
	ProjectSection(ProjectDependencies) = postProject
		{7D6F91AB-0541-3399-B6FC-30CCA0C6F6C2} = {7D6F91AB-0541-3399-B6FC-30CCA0C6F6C2}
		{1E9F1655-3A55-388D-8A97-B024020D0326} = {1E9F1655-3A55-388D-8A97-B024020D0326}
		{4E931A1B-CF74-300E-A941-17A6FE08EB8D} = {4E931A1B-CF74-300E-A941-17A6FE08EB8D}
	EndProjectSection
EndProject
Project("{8BC9CEB8-8B4A-11D0-8D11-00A0C91BC942}") = "proj_pj_transform_test", "test\unit\proj_pj_transform_test.vcxproj", "{66741E68-0DE7-3098-AC46-26815C7E2F6A}"
	ProjectSection(ProjectDependencies) = postProject
		{7D6F91AB-0541-3399-B6FC-30CCA0C6F6C2} = {7D6F91AB-0541-3399-B6FC-30CCA0C6F6C2}
		{1E9F1655-3A55-388D-8A97-B024020D0326} = {1E9F1655-3A55-388D-8A97-B024020D0326}
		{4E931A1B-CF74-300E-A941-17A6FE08EB8D} = {4E931A1B-CF74-300E-A941-17A6FE08EB8D}
	EndProjectSection
EndProject
Project("{8BC9CEB8-8B4A-11D0-8D11-00A0C91BC942}") = "proj_test_cpp_api", "test\unit\proj_test_cpp_api.vcxproj", "{429F3344-7159-3F1C-A2E5-3722AE6B99C2}"
	ProjectSection(ProjectDependencies) = postProject
		{7D6F91AB-0541-3399-B6FC-30CCA0C6F6C2} = {7D6F91AB-0541-3399-B6FC-30CCA0C6F6C2}
		{1E9F1655-3A55-388D-8A97-B024020D0326} = {1E9F1655-3A55-388D-8A97-B024020D0326}
		{4E931A1B-CF74-300E-A941-17A6FE08EB8D} = {4E931A1B-CF74-300E-A941-17A6FE08EB8D}
	EndProjectSection
EndProject
Global
	GlobalSection(SolutionConfigurationPlatforms) = preSolution
		Debug|Win32 = Debug|Win32
		Release|Win32 = Release|Win32
	EndGlobalSection
	GlobalSection(ProjectConfigurationPlatforms) = postSolution
		{2BA19A50-6F7E-3F02-AB87-3CCA59345FAA}.Debug|Win32.ActiveCfg = Debug|Win32
		{2BA19A50-6F7E-3F02-AB87-3CCA59345FAA}.Debug|Win32.Build.0 = Debug|Win32
		{2BA19A50-6F7E-3F02-AB87-3CCA59345FAA}.Release|Win32.ActiveCfg = Release|Win32
		{2BA19A50-6F7E-3F02-AB87-3CCA59345FAA}.Release|Win32.Build.0 = Release|Win32
		{6D6BE999-127C-3B8C-922D-D1AFCF8A82DF}.Debug|Win32.ActiveCfg = Debug|Win32
		{6D6BE999-127C-3B8C-922D-D1AFCF8A82DF}.Release|Win32.ActiveCfg = Release|Win32
		{4A3E13E9-639E-3FAF-A178-88EC40DE6203}.Debug|Win32.ActiveCfg = Debug|Win32
		{4A3E13E9-639E-3FAF-A178-88EC40DE6203}.Release|Win32.ActiveCfg = Release|Win32
		{7D6F91AB-0541-3399-B6FC-30CCA0C6F6C2}.Debug|Win32.ActiveCfg = Debug|Win32
		{7D6F91AB-0541-3399-B6FC-30CCA0C6F6C2}.Debug|Win32.Build.0 = Debug|Win32
		{7D6F91AB-0541-3399-B6FC-30CCA0C6F6C2}.Release|Win32.ActiveCfg = Release|Win32
		{7D6F91AB-0541-3399-B6FC-30CCA0C6F6C2}.Release|Win32.Build.0 = Release|Win32
		{2D6647FD-FCAD-3C63-8E08-BC05E3F44881}.Debug|Win32.ActiveCfg = Debug|Win32
		{2D6647FD-FCAD-3C63-8E08-BC05E3F44881}.Debug|Win32.Build.0 = Debug|Win32
		{2D6647FD-FCAD-3C63-8E08-BC05E3F44881}.Release|Win32.ActiveCfg = Release|Win32
		{2D6647FD-FCAD-3C63-8E08-BC05E3F44881}.Release|Win32.Build.0 = Release|Win32
		{70AD1852-669A-343E-9467-07EC4D67DB61}.Debug|Win32.ActiveCfg = Debug|Win32
		{70AD1852-669A-343E-9467-07EC4D67DB61}.Debug|Win32.Build.0 = Debug|Win32
		{70AD1852-669A-343E-9467-07EC4D67DB61}.Release|Win32.ActiveCfg = Release|Win32
		{70AD1852-669A-343E-9467-07EC4D67DB61}.Release|Win32.Build.0 = Release|Win32
		{69D8C2FC-6682-3BBF-9283-A8784E9BE253}.Debug|Win32.ActiveCfg = Debug|Win32
		{69D8C2FC-6682-3BBF-9283-A8784E9BE253}.Debug|Win32.Build.0 = Debug|Win32
		{69D8C2FC-6682-3BBF-9283-A8784E9BE253}.Release|Win32.ActiveCfg = Release|Win32
		{69D8C2FC-6682-3BBF-9283-A8784E9BE253}.Release|Win32.Build.0 = Release|Win32
		{341AE79A-265C-3B62-AA12-3AD935057F4D}.Debug|Win32.ActiveCfg = Debug|Win32
		{341AE79A-265C-3B62-AA12-3AD935057F4D}.Debug|Win32.Build.0 = Debug|Win32
		{341AE79A-265C-3B62-AA12-3AD935057F4D}.Release|Win32.ActiveCfg = Release|Win32
		{341AE79A-265C-3B62-AA12-3AD935057F4D}.Release|Win32.Build.0 = Release|Win32
		{CE99F5EE-ED51-32E3-96E9-34F7892C8CE3}.Debug|Win32.ActiveCfg = Debug|Win32
		{CE99F5EE-ED51-32E3-96E9-34F7892C8CE3}.Debug|Win32.Build.0 = Debug|Win32
		{CE99F5EE-ED51-32E3-96E9-34F7892C8CE3}.Release|Win32.ActiveCfg = Release|Win32
		{CE99F5EE-ED51-32E3-96E9-34F7892C8CE3}.Release|Win32.Build.0 = Release|Win32
		{33CEC2EE-7956-369D-B950-615FB2166CBF}.Debug|Win32.ActiveCfg = Debug|Win32
		{33CEC2EE-7956-369D-B950-615FB2166CBF}.Debug|Win32.Build.0 = Debug|Win32
		{33CEC2EE-7956-369D-B950-615FB2166CBF}.Release|Win32.ActiveCfg = Release|Win32
		{33CEC2EE-7956-369D-B950-615FB2166CBF}.Release|Win32.Build.0 = Release|Win32
		{B9731B2C-9FD1-354F-B071-31F8A311045C}.Debug|Win32.ActiveCfg = Debug|Win32
		{B9731B2C-9FD1-354F-B071-31F8A311045C}.Debug|Win32.Build.0 = Debug|Win32
		{B9731B2C-9FD1-354F-B071-31F8A311045C}.Release|Win32.ActiveCfg = Release|Win32
		{B9731B2C-9FD1-354F-B071-31F8A311045C}.Release|Win32.Build.0 = Release|Win32
		{008F95BD-F290-3422-9343-FACDA348DBDA}.Debug|Win32.ActiveCfg = Debug|Win32
		{008F95BD-F290-3422-9343-FACDA348DBDA}.Debug|Win32.Build.0 = Debug|Win32
		{008F95BD-F290-3422-9343-FACDA348DBDA}.Release|Win32.ActiveCfg = Release|Win32
		{008F95BD-F290-3422-9343-FACDA348DBDA}.Release|Win32.Build.0 = Release|Win32
		{BBF99B3A-3E1F-3023-89C1-8D0BFC76B64D}.Debug|Win32.ActiveCfg = Debug|Win32
		{BBF99B3A-3E1F-3023-89C1-8D0BFC76B64D}.Debug|Win32.Build.0 = Debug|Win32
		{BBF99B3A-3E1F-3023-89C1-8D0BFC76B64D}.Release|Win32.ActiveCfg = Release|Win32
		{BBF99B3A-3E1F-3023-89C1-8D0BFC76B64D}.Release|Win32.Build.0 = Release|Win32
		{58897392-8C8D-302B-A9F4-17C12B96C5A0}.Debug|Win32.ActiveCfg = Debug|Win32
		{58897392-8C8D-302B-A9F4-17C12B96C5A0}.Debug|Win32.Build.0 = Debug|Win32
		{58897392-8C8D-302B-A9F4-17C12B96C5A0}.Release|Win32.ActiveCfg = Release|Win32
		{58897392-8C8D-302B-A9F4-17C12B96C5A0}.Release|Win32.Build.0 = Release|Win32
		{1E9F1655-3A55-388D-8A97-B024020D0326}.Debug|Win32.ActiveCfg = Debug|Win32
		{1E9F1655-3A55-388D-8A97-B024020D0326}.Debug|Win32.Build.0 = Debug|Win32
		{1E9F1655-3A55-388D-8A97-B024020D0326}.Release|Win32.ActiveCfg = Release|Win32
		{1E9F1655-3A55-388D-8A97-B024020D0326}.Release|Win32.Build.0 = Release|Win32
		{4E931A1B-CF74-300E-A941-17A6FE08EB8D}.Debug|Win32.ActiveCfg = Debug|Win32
		{4E931A1B-CF74-300E-A941-17A6FE08EB8D}.Debug|Win32.Build.0 = Debug|Win32
		{4E931A1B-CF74-300E-A941-17A6FE08EB8D}.Release|Win32.ActiveCfg = Release|Win32
		{4E931A1B-CF74-300E-A941-17A6FE08EB8D}.Release|Win32.Build.0 = Release|Win32
		{B01DB8B8-3A3A-38BA-AE4D-08996F4DE3C8}.Debug|Win32.ActiveCfg = Debug|Win32
		{B01DB8B8-3A3A-38BA-AE4D-08996F4DE3C8}.Debug|Win32.Build.0 = Debug|Win32
		{B01DB8B8-3A3A-38BA-AE4D-08996F4DE3C8}.Release|Win32.ActiveCfg = Release|Win32
		{B01DB8B8-3A3A-38BA-AE4D-08996F4DE3C8}.Release|Win32.Build.0 = Release|Win32
		{10FC9F64-C2C3-3812-A917-3AFC087BE254}.Debug|Win32.ActiveCfg = Debug|Win32
		{10FC9F64-C2C3-3812-A917-3AFC087BE254}.Debug|Win32.Build.0 = Debug|Win32
		{10FC9F64-C2C3-3812-A917-3AFC087BE254}.Release|Win32.ActiveCfg = Release|Win32
		{10FC9F64-C2C3-3812-A917-3AFC087BE254}.Release|Win32.Build.0 = Release|Win32
		{54E298AA-A505-3434-90E4-07A3A89B9956}.Debug|Win32.ActiveCfg = Debug|Win32
		{54E298AA-A505-3434-90E4-07A3A89B9956}.Debug|Win32.Build.0 = Debug|Win32
		{54E298AA-A505-3434-90E4-07A3A89B9956}.Release|Win32.ActiveCfg = Release|Win32
		{54E298AA-A505-3434-90E4-07A3A89B9956}.Release|Win32.Build.0 = Release|Win32
		{66741E68-0DE7-3098-AC46-26815C7E2F6A}.Debug|Win32.ActiveCfg = Debug|Win32
		{66741E68-0DE7-3098-AC46-26815C7E2F6A}.Debug|Win32.Build.0 = Debug|Win32
		{66741E68-0DE7-3098-AC46-26815C7E2F6A}.Release|Win32.ActiveCfg = Release|Win32
		{66741E68-0DE7-3098-AC46-26815C7E2F6A}.Release|Win32.Build.0 = Release|Win32
		{429F3344-7159-3F1C-A2E5-3722AE6B99C2}.Debug|Win32.ActiveCfg = Debug|Win32
		{429F3344-7159-3F1C-A2E5-3722AE6B99C2}.Debug|Win32.Build.0 = Debug|Win32
		{429F3344-7159-3F1C-A2E5-3722AE6B99C2}.Release|Win32.ActiveCfg = Release|Win32
		{429F3344-7159-3F1C-A2E5-3722AE6B99C2}.Release|Win32.Build.0 = Release|Win32
	EndGlobalSection
	GlobalSection(ExtensibilityGlobals) = postSolution
		SolutionGuid = {ECB0A609-272B-3677-A54C-6050E7660B3D}
	EndGlobalSection
	GlobalSection(ExtensibilityAddIns) = postSolution
	EndGlobalSection
EndGlobal
