<?xml version="1.0" encoding="utf-8"?>
<Project ToolsVersion="16.0" xmlns="http://schemas.microsoft.com/developer/msbuild/2003">
  <ItemGroup>
    <CustomBuild Include="C:\SUMOLibraries\xerces-c-3.2.2\CMakeFiles\d7afcddcba8b4158624b4e77bbc93f0e\INSTALL_force.rule">
      <Filter>CMake Rules</Filter>
    </CustomBuild>
  </ItemGroup>
  <ItemGroup>
    <Filter Include="CMake Rules">
      <UniqueIdentifier>{9B9C89EA-97CC-3D5F-8E5D-6CA9521A095D}</UniqueIdentifier>
    </Filter>
  </ItemGroup>
</Project>
