Microsoft Visual Studio Solution File, Format Version 12.00
# Visual Studio 16
Project("{8BC9CEB8-8B4A-11D0-8D11-00A0C91BC942}") = "ALL_BUILD", "ALL_BUILD.vcxproj", "{FB668D89-7E91-32EF-8D42-32FEDB3C3D42}"
	ProjectSection(ProjectDependencies) = postProject
		{7BFC7252-36A2-3CA6-B20F-C730CE58037E} = {7BFC7252-36A2-3CA6-B20F-C730CE58037E}
		{3CC27ACD-BB20-3538-BF68-C1AFC1C38663} = {3CC27ACD-BB20-3538-BF68-C1AFC1C38663}
		{EC7ACF75-EFDD-3072-81BD-7045536E6FFE} = {EC7ACF75-EFDD-3072-81BD-7045536E6FFE}
		{AAE8604D-6BBD-3666-BDF5-9B97BEC2C9E4} = {AAE8604D-6BBD-3666-BDF5-9B97BEC2C9E4}
		{4E5C4EF1-EE88-337E-A30D-A3A2C220077C} = {4E5C4EF1-EE88-337E-A30D-A3A2C220077C}
	EndProjectSection
EndProject
Project("{8BC9CEB8-8B4A-11D0-8D11-00A0C91BC942}") = "INSTALL", "INSTALL.vcxproj", "{59D234A7-2513-32C1-A836-754021671A43}"
	ProjectSection(ProjectDependencies) = postProject
		{FB668D89-7E91-32EF-8D42-32FEDB3C3D42} = {FB668D89-7E91-32EF-8D42-32FEDB3C3D42}
		{7BFC7252-36A2-3CA6-B20F-C730CE58037E} = {7BFC7252-36A2-3CA6-B20F-C730CE58037E}
	EndProjectSection
EndProject
Project("{8BC9CEB8-8B4A-11D0-8D11-00A0C91BC942}") = "ZERO_CHECK", "ZERO_CHECK.vcxproj", "{7BFC7252-36A2-3CA6-B20F-C730CE58037E}"
	ProjectSection(ProjectDependencies) = postProject
	EndProjectSection
EndProject
Project("{8BC9CEB8-8B4A-11D0-8D11-00A0C91BC942}") = "libprotobuf", "libprotobuf.vcxproj", "{3CC27ACD-BB20-3538-BF68-C1AFC1C38663}"
	ProjectSection(ProjectDependencies) = postProject
		{7BFC7252-36A2-3CA6-B20F-C730CE58037E} = {7BFC7252-36A2-3CA6-B20F-C730CE58037E}
	EndProjectSection
EndProject
Project("{8BC9CEB8-8B4A-11D0-8D11-00A0C91BC942}") = "libprotobuf-lite", "libprotobuf-lite.vcxproj", "{EC7ACF75-EFDD-3072-81BD-7045536E6FFE}"
	ProjectSection(ProjectDependencies) = postProject
		{7BFC7252-36A2-3CA6-B20F-C730CE58037E} = {7BFC7252-36A2-3CA6-B20F-C730CE58037E}
	EndProjectSection
EndProject
Project("{8BC9CEB8-8B4A-11D0-8D11-00A0C91BC942}") = "libprotoc", "libprotoc.vcxproj", "{AAE8604D-6BBD-3666-BDF5-9B97BEC2C9E4}"
	ProjectSection(ProjectDependencies) = postProject
		{7BFC7252-36A2-3CA6-B20F-C730CE58037E} = {7BFC7252-36A2-3CA6-B20F-C730CE58037E}
		{3CC27ACD-BB20-3538-BF68-C1AFC1C38663} = {3CC27ACD-BB20-3538-BF68-C1AFC1C38663}
	EndProjectSection
EndProject
Project("{8BC9CEB8-8B4A-11D0-8D11-00A0C91BC942}") = "protoc", "protoc.vcxproj", "{4E5C4EF1-EE88-337E-A30D-A3A2C220077C}"
	ProjectSection(ProjectDependencies) = postProject
		{7BFC7252-36A2-3CA6-B20F-C730CE58037E} = {7BFC7252-36A2-3CA6-B20F-C730CE58037E}
		{3CC27ACD-BB20-3538-BF68-C1AFC1C38663} = {3CC27ACD-BB20-3538-BF68-C1AFC1C38663}
		{AAE8604D-6BBD-3666-BDF5-9B97BEC2C9E4} = {AAE8604D-6BBD-3666-BDF5-9B97BEC2C9E4}
	EndProjectSection
EndProject
Global
	GlobalSection(SolutionConfigurationPlatforms) = preSolution
		Debug|x64 = Debug|x64
		Release|x64 = Release|x64
	EndGlobalSection
	GlobalSection(ProjectConfigurationPlatforms) = postSolution
		{FB668D89-7E91-32EF-8D42-32FEDB3C3D42}.Debug|x64.ActiveCfg = Debug|x64
		{FB668D89-7E91-32EF-8D42-32FEDB3C3D42}.Debug|x64.Build.0 = Debug|x64
		{FB668D89-7E91-32EF-8D42-32FEDB3C3D42}.Release|x64.ActiveCfg = Release|x64
		{FB668D89-7E91-32EF-8D42-32FEDB3C3D42}.Release|x64.Build.0 = Release|x64
		{59D234A7-2513-32C1-A836-754021671A43}.Debug|x64.ActiveCfg = Debug|x64
		{59D234A7-2513-32C1-A836-754021671A43}.Release|x64.ActiveCfg = Release|x64
		{7BFC7252-36A2-3CA6-B20F-C730CE58037E}.Debug|x64.ActiveCfg = Debug|x64
		{7BFC7252-36A2-3CA6-B20F-C730CE58037E}.Debug|x64.Build.0 = Debug|x64
		{7BFC7252-36A2-3CA6-B20F-C730CE58037E}.Release|x64.ActiveCfg = Release|x64
		{7BFC7252-36A2-3CA6-B20F-C730CE58037E}.Release|x64.Build.0 = Release|x64
		{3CC27ACD-BB20-3538-BF68-C1AFC1C38663}.Debug|x64.ActiveCfg = Debug|x64
		{3CC27ACD-BB20-3538-BF68-C1AFC1C38663}.Debug|x64.Build.0 = Debug|x64
		{3CC27ACD-BB20-3538-BF68-C1AFC1C38663}.Release|x64.ActiveCfg = Release|x64
		{3CC27ACD-BB20-3538-BF68-C1AFC1C38663}.Release|x64.Build.0 = Release|x64
		{EC7ACF75-EFDD-3072-81BD-7045536E6FFE}.Debug|x64.ActiveCfg = Debug|x64
		{EC7ACF75-EFDD-3072-81BD-7045536E6FFE}.Debug|x64.Build.0 = Debug|x64
		{EC7ACF75-EFDD-3072-81BD-7045536E6FFE}.Release|x64.ActiveCfg = Release|x64
		{EC7ACF75-EFDD-3072-81BD-7045536E6FFE}.Release|x64.Build.0 = Release|x64
		{AAE8604D-6BBD-3666-BDF5-9B97BEC2C9E4}.Debug|x64.ActiveCfg = Debug|x64
		{AAE8604D-6BBD-3666-BDF5-9B97BEC2C9E4}.Debug|x64.Build.0 = Debug|x64
		{AAE8604D-6BBD-3666-BDF5-9B97BEC2C9E4}.Release|x64.ActiveCfg = Release|x64
		{AAE8604D-6BBD-3666-BDF5-9B97BEC2C9E4}.Release|x64.Build.0 = Release|x64
		{4E5C4EF1-EE88-337E-A30D-A3A2C220077C}.Debug|x64.ActiveCfg = Debug|x64
		{4E5C4EF1-EE88-337E-A30D-A3A2C220077C}.Debug|x64.Build.0 = Debug|x64
		{4E5C4EF1-EE88-337E-A30D-A3A2C220077C}.Release|x64.ActiveCfg = Release|x64
		{4E5C4EF1-EE88-337E-A30D-A3A2C220077C}.Release|x64.Build.0 = Release|x64
	EndGlobalSection
	GlobalSection(ExtensibilityGlobals) = postSolution
		SolutionGuid = {B57521E8-0506-3291-9FD6-95254065C706}
	EndGlobalSection
	GlobalSection(ExtensibilityAddIns) = postSolution
	EndGlobalSection
EndGlobal
