<?xml version="1.0" encoding="UTF-8"?>
<Project ToolsVersion="15.0" xmlns="http://schemas.microsoft.com/developer/msbuild/2003">
  <ItemGroup>
    <ClCompile Include="C:\Libraries\xerces-c-3.2.0\tests\src\XSValueTest\XSValueTest.cpp">
      <Filter>Source Files</Filter>
    </ClCompile>
  </ItemGroup>
  <ItemGroup>
    <ClInclude Include="C:\Libraries\xerces-c-3.2.0\tests\src\XSValueTest\XSValueTest.hpp">
      <Filter>Header Files</Filter>
    </ClInclude>
  </ItemGroup>
  <ItemGroup>
    <CustomBuild Include="C:\Libraries\xerces-c-3.2.0\tests\CMakeLists.txt" />
  </ItemGroup>
  <ItemGroup>
    <Filter Include="Source Files">
      <UniqueIdentifier>{5CDCDA33-D94E-3145-AB2F-60C6DFDF9C84}</UniqueIdentifier>
    </Filter>
    <Filter Include="Header Files">
      <UniqueIdentifier>{7D445D36-6479-3DEA-9346-74CE963DACCD}</UniqueIdentifier>
    </Filter>
  </ItemGroup>
</Project>
