<?xml version="1.0" encoding="utf-8"?>
<Project ToolsVersion="16.0" xmlns="http://schemas.microsoft.com/developer/msbuild/2003">
  <ItemGroup>
    <CustomBuild Include="C:\Librerias\SUMOLibraries\xerces-c-3.2.3\CMakeFiles\3d15c550c492839194d3ce3bff21de29\createdocs.rule">
      <Filter>CMake Rules</Filter>
    </CustomBuild>
    <CustomBuild Include="C:\Librerias\SUMOLibraries\xerces-c-3.2.3\doc\CMakeLists.txt" />
  </ItemGroup>
  <ItemGroup>
    <None Include="C:\Librerias\SUMOLibraries\xerces-c-3.2.3\doc\CMakeFiles\createdocs" />
  </ItemGroup>
  <ItemGroup>
    <Filter Include="CMake Rules">
      <UniqueIdentifier>{C326D16D-5DE5-353F-A2F2-A0D3101AE77C}</UniqueIdentifier>
    </Filter>
  </ItemGroup>
</Project>
