<?xml version="1.0" encoding="utf-8"?>
<Project ToolsVersion="16.0" xmlns="http://schemas.microsoft.com/developer/msbuild/2003">
  <ItemGroup>
    <ClCompile Include="C:\Librerias\SUMOLibraries\OSG-3.6.5\src\osgShadow\ShadowMap.cpp">
      <Filter>Source Files</Filter>
    </ClCompile>
    <ClCompile Include="C:\Librerias\SUMOLibraries\OSG-3.6.5\src\osgShadow\ShadowTechnique.cpp">
      <Filter>Source Files</Filter>
    </ClCompile>
    <ClCompile Include="C:\Librerias\SUMOLibraries\OSG-3.6.5\src\osgShadow\ShadowTexture.cpp">
      <Filter>Source Files</Filter>
    </ClCompile>
    <ClCompile Include="C:\Librerias\SUMOLibraries\OSG-3.6.5\src\osgShadow\ShadowedScene.cpp">
      <Filter>Source Files</Filter>
    </ClCompile>
    <ClCompile Include="C:\Librerias\SUMOLibraries\OSG-3.6.5\src\osgShadow\ShadowSettings.cpp">
      <Filter>Source Files</Filter>
    </ClCompile>
    <ClCompile Include="C:\Librerias\SUMOLibraries\OSG-3.6.5\src\osgShadow\SoftShadowMap.cpp">
      <Filter>Source Files</Filter>
    </ClCompile>
    <ClCompile Include="C:\Librerias\SUMOLibraries\OSG-3.6.5\src\osgShadow\ParallelSplitShadowMap.cpp">
      <Filter>Source Files</Filter>
    </ClCompile>
    <ClCompile Include="C:\Librerias\SUMOLibraries\OSG-3.6.5\src\osgShadow\Version.cpp">
      <Filter>Source Files</Filter>
    </ClCompile>
    <ClCompile Include="C:\Librerias\SUMOLibraries\OSG-3.6.5\src\osgShadow\ConvexPolyhedron.cpp">
      <Filter>Source Files</Filter>
    </ClCompile>
    <ClCompile Include="C:\Librerias\SUMOLibraries\OSG-3.6.5\src\osgShadow\DebugShadowMap.cpp">
      <Filter>Source Files</Filter>
    </ClCompile>
    <ClCompile Include="C:\Librerias\SUMOLibraries\OSG-3.6.5\src\osgShadow\LightSpacePerspectiveShadowMap.cpp">
      <Filter>Source Files</Filter>
    </ClCompile>
    <ClCompile Include="C:\Librerias\SUMOLibraries\OSG-3.6.5\src\osgShadow\MinimalCullBoundsShadowMap.cpp">
      <Filter>Source Files</Filter>
    </ClCompile>
    <ClCompile Include="C:\Librerias\SUMOLibraries\OSG-3.6.5\src\osgShadow\MinimalDrawBoundsShadowMap.cpp">
      <Filter>Source Files</Filter>
    </ClCompile>
    <ClCompile Include="C:\Librerias\SUMOLibraries\OSG-3.6.5\src\osgShadow\MinimalShadowMap.cpp">
      <Filter>Source Files</Filter>
    </ClCompile>
    <ClCompile Include="C:\Librerias\SUMOLibraries\OSG-3.6.5\src\osgShadow\StandardShadowMap.cpp">
      <Filter>Source Files</Filter>
    </ClCompile>
    <ClCompile Include="C:\Librerias\SUMOLibraries\OSG-3.6.5\src\osgShadow\ViewDependentShadowTechnique.cpp">
      <Filter>Source Files</Filter>
    </ClCompile>
    <ClCompile Include="C:\Librerias\SUMOLibraries\OSG-3.6.5\src\osgShadow\ViewDependentShadowMap.cpp">
      <Filter>Source Files</Filter>
    </ClCompile>
  </ItemGroup>
  <ItemGroup>
    <CustomBuild Include="C:\Librerias\SUMOLibraries\OSG-3.6.5\src\osgShadow\CMakeLists.txt" />
  </ItemGroup>
  <ItemGroup>
    <None Include="C:\Librerias\SUMOLibraries\OSG-3.6.5\include\osgShadow\Export">
      <Filter>Header Files</Filter>
    </None>
    <None Include="C:\Librerias\SUMOLibraries\OSG-3.6.5\include\osgShadow\ShadowMap">
      <Filter>Header Files</Filter>
    </None>
    <None Include="C:\Librerias\SUMOLibraries\OSG-3.6.5\include\osgShadow\ShadowTechnique">
      <Filter>Header Files</Filter>
    </None>
    <None Include="C:\Librerias\SUMOLibraries\OSG-3.6.5\include\osgShadow\ShadowTexture">
      <Filter>Header Files</Filter>
    </None>
    <None Include="C:\Librerias\SUMOLibraries\OSG-3.6.5\include\osgShadow\ShadowedScene">
      <Filter>Header Files</Filter>
    </None>
    <None Include="C:\Librerias\SUMOLibraries\OSG-3.6.5\include\osgShadow\ShadowSettings">
      <Filter>Header Files</Filter>
    </None>
    <None Include="C:\Librerias\SUMOLibraries\OSG-3.6.5\include\osgShadow\SoftShadowMap">
      <Filter>Header Files</Filter>
    </None>
    <None Include="C:\Librerias\SUMOLibraries\OSG-3.6.5\include\osgShadow\ParallelSplitShadowMap">
      <Filter>Header Files</Filter>
    </None>
    <None Include="C:\Librerias\SUMOLibraries\OSG-3.6.5\include\osgShadow\Version">
      <Filter>Header Files</Filter>
    </None>
    <None Include="C:\Librerias\SUMOLibraries\OSG-3.6.5\include\osgShadow\ConvexPolyhedron">
      <Filter>Header Files</Filter>
    </None>
    <None Include="C:\Librerias\SUMOLibraries\OSG-3.6.5\include\osgShadow\DebugShadowMap">
      <Filter>Header Files</Filter>
    </None>
    <None Include="C:\Librerias\SUMOLibraries\OSG-3.6.5\include\osgShadow\LightSpacePerspectiveShadowMap">
      <Filter>Header Files</Filter>
    </None>
    <None Include="C:\Librerias\SUMOLibraries\OSG-3.6.5\include\osgShadow\MinimalCullBoundsShadowMap">
      <Filter>Header Files</Filter>
    </None>
    <None Include="C:\Librerias\SUMOLibraries\OSG-3.6.5\include\osgShadow\MinimalDrawBoundsShadowMap">
      <Filter>Header Files</Filter>
    </None>
    <None Include="C:\Librerias\SUMOLibraries\OSG-3.6.5\include\osgShadow\MinimalShadowMap">
      <Filter>Header Files</Filter>
    </None>
    <None Include="C:\Librerias\SUMOLibraries\OSG-3.6.5\include\osgShadow\ProjectionShadowMap">
      <Filter>Header Files</Filter>
    </None>
    <None Include="C:\Librerias\SUMOLibraries\OSG-3.6.5\include\osgShadow\StandardShadowMap">
      <Filter>Header Files</Filter>
    </None>
    <None Include="C:\Librerias\SUMOLibraries\OSG-3.6.5\include\osgShadow\ViewDependentShadowTechnique">
      <Filter>Header Files</Filter>
    </None>
    <None Include="C:\Librerias\SUMOLibraries\OSG-3.6.5\include\osgShadow\ViewDependentShadowMap">
      <Filter>Header Files</Filter>
    </None>
  </ItemGroup>
  <ItemGroup>
    <ResourceCompile Include="C:\Librerias\SUMOLibraries\OSG-3.6.5\PlatformSpecifics\Windows\OpenSceneGraphVersionInfo.rc">
      <Filter>Source Files</Filter>
    </ResourceCompile>
  </ItemGroup>
  <ItemGroup>
    <Filter Include="Header Files">
      <UniqueIdentifier>{798227C8-F63D-377D-B402-249FA1A7EF5E}</UniqueIdentifier>
    </Filter>
    <Filter Include="Source Files">
      <UniqueIdentifier>{75F9FA5D-64E2-39A3-800D-3A429F06C13A}</UniqueIdentifier>
    </Filter>
  </ItemGroup>
</Project>
